
Microsoft Visual Studio Solution File, Format Version 12.00
# Visual Studio Version 16
VisualStudioVersion = 16.0.31005.135
MinimumVisualStudioVersion = 10.0.40219.1
Project("{FAE04EC0-301F-11D3-BF4B-00C04F79EFBC}") = "SimpleNet.Infrastructure.Server", "SimpleNet.Infrastructure.Server\SimpleNet.Infrastructure.Server.csproj", "{DA498A21-8B59-4C4F-9789-79F72CEE7440}"
EndProject
Project("{FAE04EC0-301F-11D3-BF4B-00C04F79EFBC}") = "SimpleNet.ServerConsole", "SimpleNet.ServerConsole\SimpleNet.ServerConsole.csproj", "{461A9773-2901-4185-A654-D036A89F5A9F}"
EndProject
Global
	GlobalSection(SolutionConfigurationPlatforms) = preSolution
		Debug|Any CPU = Debug|Any CPU
		Release|Any CPU = Release|Any CPU
	EndGlobalSection
	GlobalSection(ProjectConfigurationPlatforms) = postSolution
		{DA498A21-8B59-4C4F-9789-79F72CEE7440}.Debug|Any CPU.ActiveCfg = Debug|Any CPU
		{DA498A21-8B59-4C4F-9789-79F72CEE7440}.Debug|Any CPU.Build.0 = Debug|Any CPU
		{DA498A21-8B59-4C4F-9789-79F72CEE7440}.Release|Any CPU.ActiveCfg = Release|Any CPU
		{DA498A21-8B59-4C4F-9789-79F72CEE7440}.Release|Any CPU.Build.0 = Release|Any CPU
		{461A9773-2901-4185-A654-D036A89F5A9F}.Debug|Any CPU.ActiveCfg = Debug|Any CPU
		{461A9773-2901-4185-A654-D036A89F5A9F}.Debug|Any CPU.Build.0 = Debug|Any CPU
		{461A9773-2901-4185-A654-D036A89F5A9F}.Release|Any CPU.ActiveCfg = Release|Any CPU
		{461A9773-2901-4185-A654-D036A89F5A9F}.Release|Any CPU.Build.0 = Release|Any CPU
	EndGlobalSection
	GlobalSection(SolutionProperties) = preSolution
		HideSolutionNode = FALSE
	EndGlobalSection
	GlobalSection(ExtensibilityGlobals) = postSolution
		SolutionGuid = {A0E9FC9A-EBF3-42F6-9358-A00FCBD8E7F1}
	EndGlobalSection
EndGlobal
